
Microsoft Visual Studio Solution File, Format Version 12.00
# Visual Studio 15
VisualStudioVersion = 15.0.26430.14
MinimumVisualStudioVersion = 10.0.40219.1
Project("{FAE04EC0-301F-11D3-BF4B-00C04F79EFBC}") = "UnitTrain", "UnitTrain\UnitTrain.csproj", "{0A9EA6B0-F18E-47C6-9A24-E62FA9ED202D}"
EndProject
Project("{FAE04EC0-301F-11D3-BF4B-00C04F79EFBC}") = "UnitTrain.Tests", "UnitTrain.Tests\UnitTrain.Tests.csproj", "{5FED205E-C1F8-4F6F-9C40-0A8289F19299}"
EndProject
Global
	GlobalSection(SolutionConfigurationPlatforms) = preSolution
		Debug|Any CPU = Debug|Any CPU
		Release|Any CPU = Release|Any CPU
	EndGlobalSection
	GlobalSection(ProjectConfigurationPlatforms) = postSolution
		{0A9EA6B0-F18E-47C6-9A24-E62FA9ED202D}.Debug|Any CPU.ActiveCfg = Debug|Any CPU
		{0A9EA6B0-F18E-47C6-9A24-E62FA9ED202D}.Debug|Any CPU.Build.0 = Debug|Any CPU
		{0A9EA6B0-F18E-47C6-9A24-E62FA9ED202D}.Release|Any CPU.ActiveCfg = Release|Any CPU
		{0A9EA6B0-F18E-47C6-9A24-E62FA9ED202D}.Release|Any CPU.Build.0 = Release|Any CPU
		{5FED205E-C1F8-4F6F-9C40-0A8289F19299}.Debug|Any CPU.ActiveCfg = Debug|Any CPU
		{5FED205E-C1F8-4F6F-9C40-0A8289F19299}.Debug|Any CPU.Build.0 = Debug|Any CPU
		{5FED205E-C1F8-4F6F-9C40-0A8289F19299}.Release|Any CPU.ActiveCfg = Release|Any CPU
		{5FED205E-C1F8-4F6F-9C40-0A8289F19299}.Release|Any CPU.Build.0 = Release|Any CPU
	EndGlobalSection
	GlobalSection(SolutionProperties) = preSolution
		HideSolutionNode = FALSE
	EndGlobalSection
EndGlobal
