
Microsoft Visual Studio Solution File, Format Version 12.00
# Visual Studio 15
VisualStudioVersion = 15.0.26430.14
MinimumVisualStudioVersion = 10.0.40219.1
Project("{FAE04EC0-301F-11D3-BF4B-00C04F79EFBC}") = "LifeCycle", "LifeCycle\LifeCycle.csproj", "{5FFE2887-AB74-4E87-BD10-AC40EA65529C}"
EndProject
Project("{FAE04EC0-301F-11D3-BF4B-00C04F79EFBC}") = "LifeCycleApp", "LifeCycleApp\LifeCycleApp.csproj", "{A177A99D-C024-4613-B29D-4E4464B93B30}"
EndProject
Global
	GlobalSection(SolutionConfigurationPlatforms) = preSolution
		Debug|Any CPU = Debug|Any CPU
		Release|Any CPU = Release|Any CPU
	EndGlobalSection
	GlobalSection(ProjectConfigurationPlatforms) = postSolution
		{5FFE2887-AB74-4E87-BD10-AC40EA65529C}.Debug|Any CPU.ActiveCfg = Debug|Any CPU
		{5FFE2887-AB74-4E87-BD10-AC40EA65529C}.Debug|Any CPU.Build.0 = Debug|Any CPU
		{5FFE2887-AB74-4E87-BD10-AC40EA65529C}.Release|Any CPU.ActiveCfg = Release|Any CPU
		{5FFE2887-AB74-4E87-BD10-AC40EA65529C}.Release|Any CPU.Build.0 = Release|Any CPU
		{A177A99D-C024-4613-B29D-4E4464B93B30}.Debug|Any CPU.ActiveCfg = Debug|Any CPU
		{A177A99D-C024-4613-B29D-4E4464B93B30}.Debug|Any CPU.Build.0 = Debug|Any CPU
		{A177A99D-C024-4613-B29D-4E4464B93B30}.Release|Any CPU.ActiveCfg = Release|Any CPU
		{A177A99D-C024-4613-B29D-4E4464B93B30}.Release|Any CPU.Build.0 = Release|Any CPU
	EndGlobalSection
	GlobalSection(SolutionProperties) = preSolution
		HideSolutionNode = FALSE
	EndGlobalSection
EndGlobal
