
Microsoft Visual Studio Solution File, Format Version 12.00
# Visual Studio 15
VisualStudioVersion = 15.0.26430.14
MinimumVisualStudioVersion = 10.0.40219.1
Project("{FAE04EC0-301F-11D3-BF4B-00C04F79EFBC}") = "SportsStore.WebUI", "SportsStore.WebUI\SportsStore.WebUI.csproj", "{C482D359-2CCA-4761-9006-A0395A79D4A3}"
EndProject
Project("{FAE04EC0-301F-11D3-BF4B-00C04F79EFBC}") = "SportsStore.UnitTests", "SportsStore.UnitTests\SportsStore.UnitTests.csproj", "{78A6125A-6883-4CAE-B182-BBBC5AB45A92}"
EndProject
Project("{FAE04EC0-301F-11D3-BF4B-00C04F79EFBC}") = "SportsStore.Domain", "SportsStore.Domain\SportsStore.Domain.csproj", "{FE1E2CB0-2FB3-487F-B362-960148CFB9FE}"
EndProject
Global
	GlobalSection(SolutionConfigurationPlatforms) = preSolution
		Debug|Any CPU = Debug|Any CPU
		Release|Any CPU = Release|Any CPU
	EndGlobalSection
	GlobalSection(ProjectConfigurationPlatforms) = postSolution
		{C482D359-2CCA-4761-9006-A0395A79D4A3}.Debug|Any CPU.ActiveCfg = Debug|Any CPU
		{C482D359-2CCA-4761-9006-A0395A79D4A3}.Debug|Any CPU.Build.0 = Debug|Any CPU
		{C482D359-2CCA-4761-9006-A0395A79D4A3}.Release|Any CPU.ActiveCfg = Release|Any CPU
		{C482D359-2CCA-4761-9006-A0395A79D4A3}.Release|Any CPU.Build.0 = Release|Any CPU
		{78A6125A-6883-4CAE-B182-BBBC5AB45A92}.Debug|Any CPU.ActiveCfg = Debug|Any CPU
		{78A6125A-6883-4CAE-B182-BBBC5AB45A92}.Debug|Any CPU.Build.0 = Debug|Any CPU
		{78A6125A-6883-4CAE-B182-BBBC5AB45A92}.Release|Any CPU.ActiveCfg = Release|Any CPU
		{78A6125A-6883-4CAE-B182-BBBC5AB45A92}.Release|Any CPU.Build.0 = Release|Any CPU
		{FE1E2CB0-2FB3-487F-B362-960148CFB9FE}.Debug|Any CPU.ActiveCfg = Debug|Any CPU
		{FE1E2CB0-2FB3-487F-B362-960148CFB9FE}.Debug|Any CPU.Build.0 = Debug|Any CPU
		{FE1E2CB0-2FB3-487F-B362-960148CFB9FE}.Release|Any CPU.ActiveCfg = Release|Any CPU
		{FE1E2CB0-2FB3-487F-B362-960148CFB9FE}.Release|Any CPU.Build.0 = Release|Any CPU
	EndGlobalSection
	GlobalSection(SolutionProperties) = preSolution
		HideSolutionNode = FALSE
	EndGlobalSection
EndGlobal
