
Microsoft Visual Studio Solution File, Format Version 12.00
# Visual Studio 15
VisualStudioVersion = 15.0.26430.14
MinimumVisualStudioVersion = 10.0.40219.1
Project("{FAE04EC0-301F-11D3-BF4B-00C04F79EFBC}") = "UnitTrain2", "UnitTrain2\UnitTrain2.csproj", "{474661F4-FB26-49A4-9540-CBDC3BE403E2}"
EndProject
Project("{FAE04EC0-301F-11D3-BF4B-00C04F79EFBC}") = "UnitTrain2.Tests", "UnitTrain2.Tests\UnitTrain2.Tests.csproj", "{ACA72450-2473-4E68-9B78-294EB4A9F509}"
EndProject
Global
	GlobalSection(SolutionConfigurationPlatforms) = preSolution
		Debug|Any CPU = Debug|Any CPU
		Release|Any CPU = Release|Any CPU
	EndGlobalSection
	GlobalSection(ProjectConfigurationPlatforms) = postSolution
		{474661F4-FB26-49A4-9540-CBDC3BE403E2}.Debug|Any CPU.ActiveCfg = Debug|Any CPU
		{474661F4-FB26-49A4-9540-CBDC3BE403E2}.Debug|Any CPU.Build.0 = Debug|Any CPU
		{474661F4-FB26-49A4-9540-CBDC3BE403E2}.Release|Any CPU.ActiveCfg = Release|Any CPU
		{474661F4-FB26-49A4-9540-CBDC3BE403E2}.Release|Any CPU.Build.0 = Release|Any CPU
		{ACA72450-2473-4E68-9B78-294EB4A9F509}.Debug|Any CPU.ActiveCfg = Debug|Any CPU
		{ACA72450-2473-4E68-9B78-294EB4A9F509}.Debug|Any CPU.Build.0 = Debug|Any CPU
		{ACA72450-2473-4E68-9B78-294EB4A9F509}.Release|Any CPU.ActiveCfg = Release|Any CPU
		{ACA72450-2473-4E68-9B78-294EB4A9F509}.Release|Any CPU.Build.0 = Release|Any CPU
	EndGlobalSection
	GlobalSection(SolutionProperties) = preSolution
		HideSolutionNode = FALSE
	EndGlobalSection
EndGlobal
